
Microsoft Visual Studio Solution File, Format Version 12.00
# Visual Studio Version 17
VisualStudioVersion = 17.9.34723.18
MinimumVisualStudioVersion = 10.0.40219.1
Project("{FAE04EC0-301F-11D3-BF4B-00C04F79EFBC}") = "Dictionnaire", "Dictionnaire\Dictionnaire.csproj", "{70CCDF12-AE20-46D0-8434-83A6B022AAB5}"
EndProject
Global
	GlobalSection(SolutionConfigurationPlatforms) = preSolution
		Debug|Any CPU = Debug|Any CPU
		Release|Any CPU = Release|Any CPU
	EndGlobalSection
	GlobalSection(ProjectConfigurationPlatforms) = postSolution
		{70CCDF12-AE20-46D0-8434-83A6B022AAB5}.Debug|Any CPU.ActiveCfg = Debug|Any CPU
		{70CCDF12-AE20-46D0-8434-83A6B022AAB5}.Debug|Any CPU.Build.0 = Debug|Any CPU
		{70CCDF12-AE20-46D0-8434-83A6B022AAB5}.Release|Any CPU.ActiveCfg = Release|Any CPU
		{70CCDF12-AE20-46D0-8434-83A6B022AAB5}.Release|Any CPU.Build.0 = Release|Any CPU
	EndGlobalSection
	GlobalSection(SolutionProperties) = preSolution
		HideSolutionNode = FALSE
	EndGlobalSection
	GlobalSection(ExtensibilityGlobals) = postSolution
		SolutionGuid = {0A56F702-E2D7-4416-A24F-37DADCB13FDD}
	EndGlobalSection
EndGlobal
